
Microsoft Visual Studio Solution File, Format Version 12.00
# Visual Studio 15
VisualStudioVersion = 15.0.27130.2020
MinimumVisualStudioVersion = 10.0.40219.1
Project("{FAE04EC0-301F-11D3-BF4B-00C04F79EFBC}") = "FysioterapiApp.Android", "FysioterapiApp\FysioterapiApp.Android\FysioterapiApp.Android.csproj", "{1C9C45D0-3B71-4F2F-9EC9-CD53DCD3DB8D}"
EndProject
Project("{FAE04EC0-301F-11D3-BF4B-00C04F79EFBC}") = "FysioterapiApp.iOS", "FysioterapiApp\FysioterapiApp.iOS\FysioterapiApp.iOS.csproj", "{90DC7A3F-7C36-4F8A-A89D-3672E7B385BC}"
EndProject
Project("{FAE04EC0-301F-11D3-BF4B-00C04F79EFBC}") = "FysioterapiApp.UWP", "FysioterapiApp\FysioterapiApp.UWP\FysioterapiApp.UWP.csproj", "{2B2BE6AC-2F6A-42FD-8AC6-093E9C22E313}"
EndProject
Project("{FAE04EC0-301F-11D3-BF4B-00C04F79EFBC}") = "FysioterapiApp", "FysioterapiApp\FysioterapiApp\FysioterapiApp.csproj", "{21AFD1E1-8E7C-46B2-9B13-3D6FAAC21605}"
EndProject
Global
	GlobalSection(SolutionConfigurationPlatforms) = preSolution
		Ad-Hoc|Any CPU = Ad-Hoc|Any CPU
		Ad-Hoc|ARM = Ad-Hoc|ARM
		Ad-Hoc|iPhone = Ad-Hoc|iPhone
		Ad-Hoc|iPhoneSimulator = Ad-Hoc|iPhoneSimulator
		Ad-Hoc|x64 = Ad-Hoc|x64
		Ad-Hoc|x86 = Ad-Hoc|x86
		AppStore|Any CPU = AppStore|Any CPU
		AppStore|ARM = AppStore|ARM
		AppStore|iPhone = AppStore|iPhone
		AppStore|iPhoneSimulator = AppStore|iPhoneSimulator
		AppStore|x64 = AppStore|x64
		AppStore|x86 = AppStore|x86
		Debug|Any CPU = Debug|Any CPU
		Debug|ARM = Debug|ARM
		Debug|iPhone = Debug|iPhone
		Debug|iPhoneSimulator = Debug|iPhoneSimulator
		Debug|x64 = Debug|x64
		Debug|x86 = Debug|x86
		Release|Any CPU = Release|Any CPU
		Release|ARM = Release|ARM
		Release|iPhone = Release|iPhone
		Release|iPhoneSimulator = Release|iPhoneSimulator
		Release|x64 = Release|x64
		Release|x86 = Release|x86
	EndGlobalSection
	GlobalSection(ProjectConfigurationPlatforms) = postSolution
		{1C9C45D0-3B71-4F2F-9EC9-CD53DCD3DB8D}.Ad-Hoc|Any CPU.ActiveCfg = Release|Any CPU
		{1C9C45D0-3B71-4F2F-9EC9-CD53DCD3DB8D}.Ad-Hoc|Any CPU.Build.0 = Release|Any CPU
		{1C9C45D0-3B71-4F2F-9EC9-CD53DCD3DB8D}.Ad-Hoc|Any CPU.Deploy.0 = Release|Any CPU
		{1C9C45D0-3B71-4F2F-9EC9-CD53DCD3DB8D}.Ad-Hoc|ARM.ActiveCfg = Release|Any CPU
		{1C9C45D0-3B71-4F2F-9EC9-CD53DCD3DB8D}.Ad-Hoc|ARM.Build.0 = Release|Any CPU
		{1C9C45D0-3B71-4F2F-9EC9-CD53DCD3DB8D}.Ad-Hoc|ARM.Deploy.0 = Release|Any CPU
		{1C9C45D0-3B71-4F2F-9EC9-CD53DCD3DB8D}.Ad-Hoc|iPhone.ActiveCfg = Release|Any CPU
		{1C9C45D0-3B71-4F2F-9EC9-CD53DCD3DB8D}.Ad-Hoc|iPhone.Build.0 = Release|Any CPU
		{1C9C45D0-3B71-4F2F-9EC9-CD53DCD3DB8D}.Ad-Hoc|iPhone.Deploy.0 = Release|Any CPU
		{1C9C45D0-3B71-4F2F-9EC9-CD53DCD3DB8D}.Ad-Hoc|iPhoneSimulator.ActiveCfg = Release|Any CPU
		{1C9C45D0-3B71-4F2F-9EC9-CD53DCD3DB8D}.Ad-Hoc|iPhoneSimulator.Build.0 = Release|Any CPU
		{1C9C45D0-3B71-4F2F-9EC9-CD53DCD3DB8D}.Ad-Hoc|iPhoneSimulator.Deploy.0 = Release|Any CPU
		{1C9C45D0-3B71-4F2F-9EC9-CD53DCD3DB8D}.Ad-Hoc|x64.ActiveCfg = Release|Any CPU
		{1C9C45D0-3B71-4F2F-9EC9-CD53DCD3DB8D}.Ad-Hoc|x64.Build.0 = Release|Any CPU
		{1C9C45D0-3B71-4F2F-9EC9-CD53DCD3DB8D}.Ad-Hoc|x64.Deploy.0 = Release|Any CPU
		{1C9C45D0-3B71-4F2F-9EC9-CD53DCD3DB8D}.Ad-Hoc|x86.ActiveCfg = Release|Any CPU
		{1C9C45D0-3B71-4F2F-9EC9-CD53DCD3DB8D}.Ad-Hoc|x86.Build.0 = Release|Any CPU
		{1C9C45D0-3B71-4F2F-9EC9-CD53DCD3DB8D}.Ad-Hoc|x86.Deploy.0 = Release|Any CPU
		{1C9C45D0-3B71-4F2F-9EC9-CD53DCD3DB8D}.AppStore|Any CPU.ActiveCfg = Release|Any CPU
		{1C9C45D0-3B71-4F2F-9EC9-CD53DCD3DB8D}.AppStore|Any CPU.Build.0 = Release|Any CPU
		{1C9C45D0-3B71-4F2F-9EC9-CD53DCD3DB8D}.AppStore|Any CPU.Deploy.0 = Release|Any CPU
		{1C9C45D0-3B71-4F2F-9EC9-CD53DCD3DB8D}.AppStore|ARM.ActiveCfg = Release|Any CPU
		{1C9C45D0-3B71-4F2F-9EC9-CD53DCD3DB8D}.AppStore|ARM.Build.0 = Release|Any CPU
		{1C9C45D0-3B71-4F2F-9EC9-CD53DCD3DB8D}.AppStore|ARM.Deploy.0 = Release|Any CPU
		{1C9C45D0-3B71-4F2F-9EC9-CD53DCD3DB8D}.AppStore|iPhone.ActiveCfg = Release|Any CPU
		{1C9C45D0-3B71-4F2F-9EC9-CD53DCD3DB8D}.AppStore|iPhone.Build.0 = Release|Any CPU
		{1C9C45D0-3B71-4F2F-9EC9-CD53DCD3DB8D}.AppStore|iPhone.Deploy.0 = Release|Any CPU
		{1C9C45D0-3B71-4F2F-9EC9-CD53DCD3DB8D}.AppStore|iPhoneSimulator.ActiveCfg = Release|Any CPU
		{1C9C45D0-3B71-4F2F-9EC9-CD53DCD3DB8D}.AppStore|iPhoneSimulator.Build.0 = Release|Any CPU
		{1C9C45D0-3B71-4F2F-9EC9-CD53DCD3DB8D}.AppStore|iPhoneSimulator.Deploy.0 = Release|Any CPU
		{1C9C45D0-3B71-4F2F-9EC9-CD53DCD3DB8D}.AppStore|x64.ActiveCfg = Release|Any CPU
		{1C9C45D0-3B71-4F2F-9EC9-CD53DCD3DB8D}.AppStore|x64.Build.0 = Release|Any CPU
		{1C9C45D0-3B71-4F2F-9EC9-CD53DCD3DB8D}.AppStore|x64.Deploy.0 = Release|Any CPU
		{1C9C45D0-3B71-4F2F-9EC9-CD53DCD3DB8D}.AppStore|x86.ActiveCfg = Release|Any CPU
		{1C9C45D0-3B71-4F2F-9EC9-CD53DCD3DB8D}.AppStore|x86.Build.0 = Release|Any CPU
		{1C9C45D0-3B71-4F2F-9EC9-CD53DCD3DB8D}.AppStore|x86.Deploy.0 = Release|Any CPU
		{1C9C45D0-3B71-4F2F-9EC9-CD53DCD3DB8D}.Debug|Any CPU.ActiveCfg = Debug|Any CPU
		{1C9C45D0-3B71-4F2F-9EC9-CD53DCD3DB8D}.Debug|Any CPU.Build.0 = Debug|Any CPU
		{1C9C45D0-3B71-4F2F-9EC9-CD53DCD3DB8D}.Debug|Any CPU.Deploy.0 = Debug|Any CPU
		{1C9C45D0-3B71-4F2F-9EC9-CD53DCD3DB8D}.Debug|ARM.ActiveCfg = Debug|Any CPU
		{1C9C45D0-3B71-4F2F-9EC9-CD53DCD3DB8D}.Debug|ARM.Build.0 = Debug|Any CPU
		{1C9C45D0-3B71-4F2F-9EC9-CD53DCD3DB8D}.Debug|ARM.Deploy.0 = Debug|Any CPU
		{1C9C45D0-3B71-4F2F-9EC9-CD53DCD3DB8D}.Debug|iPhone.ActiveCfg = Debug|Any CPU
		{1C9C45D0-3B71-4F2F-9EC9-CD53DCD3DB8D}.Debug|iPhone.Build.0 = Debug|Any CPU
		{1C9C45D0-3B71-4F2F-9EC9-CD53DCD3DB8D}.Debug|iPhone.Deploy.0 = Debug|Any CPU
		{1C9C45D0-3B71-4F2F-9EC9-CD53DCD3DB8D}.Debug|iPhoneSimulator.ActiveCfg = Debug|Any CPU
		{1C9C45D0-3B71-4F2F-9EC9-CD53DCD3DB8D}.Debug|iPhoneSimulator.Build.0 = Debug|Any CPU
		{1C9C45D0-3B71-4F2F-9EC9-CD53DCD3DB8D}.Debug|iPhoneSimulator.Deploy.0 = Debug|Any CPU
		{1C9C45D0-3B71-4F2F-9EC9-CD53DCD3DB8D}.Debug|x64.ActiveCfg = Debug|Any CPU
		{1C9C45D0-3B71-4F2F-9EC9-CD53DCD3DB8D}.Debug|x64.Build.0 = Debug|Any CPU
		{1C9C45D0-3B71-4F2F-9EC9-CD53DCD3DB8D}.Debug|x64.Deploy.0 = Debug|Any CPU
		{1C9C45D0-3B71-4F2F-9EC9-CD53DCD3DB8D}.Debug|x86.ActiveCfg = Debug|Any CPU
		{1C9C45D0-3B71-4F2F-9EC9-CD53DCD3DB8D}.Debug|x86.Build.0 = Debug|Any CPU
		{1C9C45D0-3B71-4F2F-9EC9-CD53DCD3DB8D}.Debug|x86.Deploy.0 = Debug|Any CPU
		{1C9C45D0-3B71-4F2F-9EC9-CD53DCD3DB8D}.Release|Any CPU.ActiveCfg = Release|Any CPU
		{1C9C45D0-3B71-4F2F-9EC9-CD53DCD3DB8D}.Release|Any CPU.Build.0 = Release|Any CPU
		{1C9C45D0-3B71-4F2F-9EC9-CD53DCD3DB8D}.Release|Any CPU.Deploy.0 = Release|Any CPU
		{1C9C45D0-3B71-4F2F-9EC9-CD53DCD3DB8D}.Release|ARM.ActiveCfg = Release|Any CPU
		{1C9C45D0-3B71-4F2F-9EC9-CD53DCD3DB8D}.Release|ARM.Build.0 = Release|Any CPU
		{1C9C45D0-3B71-4F2F-9EC9-CD53DCD3DB8D}.Release|ARM.Deploy.0 = Release|Any CPU
		{1C9C45D0-3B71-4F2F-9EC9-CD53DCD3DB8D}.Release|iPhone.ActiveCfg = Release|Any CPU
		{1C9C45D0-3B71-4F2F-9EC9-CD53DCD3DB8D}.Release|iPhone.Build.0 = Release|Any CPU
		{1C9C45D0-3B71-4F2F-9EC9-CD53DCD3DB8D}.Release|iPhone.Deploy.0 = Release|Any CPU
		{1C9C45D0-3B71-4F2F-9EC9-CD53DCD3DB8D}.Release|iPhoneSimulator.ActiveCfg = Release|Any CPU
		{1C9C45D0-3B71-4F2F-9EC9-CD53DCD3DB8D}.Release|iPhoneSimulator.Build.0 = Release|Any CPU
		{1C9C45D0-3B71-4F2F-9EC9-CD53DCD3DB8D}.Release|iPhoneSimulator.Deploy.0 = Release|Any CPU
		{1C9C45D0-3B71-4F2F-9EC9-CD53DCD3DB8D}.Release|x64.ActiveCfg = Release|Any CPU
		{1C9C45D0-3B71-4F2F-9EC9-CD53DCD3DB8D}.Release|x64.Build.0 = Release|Any CPU
		{1C9C45D0-3B71-4F2F-9EC9-CD53DCD3DB8D}.Release|x64.Deploy.0 = Release|Any CPU
		{1C9C45D0-3B71-4F2F-9EC9-CD53DCD3DB8D}.Release|x86.ActiveCfg = Release|Any CPU
		{1C9C45D0-3B71-4F2F-9EC9-CD53DCD3DB8D}.Release|x86.Build.0 = Release|Any CPU
		{1C9C45D0-3B71-4F2F-9EC9-CD53DCD3DB8D}.Release|x86.Deploy.0 = Release|Any CPU
		{90DC7A3F-7C36-4F8A-A89D-3672E7B385BC}.Ad-Hoc|Any CPU.ActiveCfg = Ad-Hoc|iPhone
		{90DC7A3F-7C36-4F8A-A89D-3672E7B385BC}.Ad-Hoc|ARM.ActiveCfg = Ad-Hoc|iPhone
		{90DC7A3F-7C36-4F8A-A89D-3672E7B385BC}.Ad-Hoc|iPhone.ActiveCfg = Ad-Hoc|iPhone
		{90DC7A3F-7C36-4F8A-A89D-3672E7B385BC}.Ad-Hoc|iPhone.Build.0 = Ad-Hoc|iPhone
		{90DC7A3F-7C36-4F8A-A89D-3672E7B385BC}.Ad-Hoc|iPhoneSimulator.ActiveCfg = Ad-Hoc|iPhoneSimulator
		{90DC7A3F-7C36-4F8A-A89D-3672E7B385BC}.Ad-Hoc|iPhoneSimulator.Build.0 = Ad-Hoc|iPhoneSimulator
		{90DC7A3F-7C36-4F8A-A89D-3672E7B385BC}.Ad-Hoc|x64.ActiveCfg = Ad-Hoc|iPhone
		{90DC7A3F-7C36-4F8A-A89D-3672E7B385BC}.Ad-Hoc|x86.ActiveCfg = Ad-Hoc|iPhone
		{90DC7A3F-7C36-4F8A-A89D-3672E7B385BC}.AppStore|Any CPU.ActiveCfg = AppStore|iPhone
		{90DC7A3F-7C36-4F8A-A89D-3672E7B385BC}.AppStore|ARM.ActiveCfg = AppStore|iPhone
		{90DC7A3F-7C36-4F8A-A89D-3672E7B385BC}.AppStore|iPhone.ActiveCfg = AppStore|iPhone
		{90DC7A3F-7C36-4F8A-A89D-3672E7B385BC}.AppStore|iPhone.Build.0 = AppStore|iPhone
		{90DC7A3F-7C36-4F8A-A89D-3672E7B385BC}.AppStore|iPhoneSimulator.ActiveCfg = AppStore|iPhoneSimulator
		{90DC7A3F-7C36-4F8A-A89D-3672E7B385BC}.AppStore|iPhoneSimulator.Build.0 = AppStore|iPhoneSimulator
		{90DC7A3F-7C36-4F8A-A89D-3672E7B385BC}.AppStore|x64.ActiveCfg = AppStore|iPhone
		{90DC7A3F-7C36-4F8A-A89D-3672E7B385BC}.AppStore|x86.ActiveCfg = AppStore|iPhone
		{90DC7A3F-7C36-4F8A-A89D-3672E7B385BC}.Debug|Any CPU.ActiveCfg = Debug|iPhone
		{90DC7A3F-7C36-4F8A-A89D-3672E7B385BC}.Debug|ARM.ActiveCfg = Debug|iPhone
		{90DC7A3F-7C36-4F8A-A89D-3672E7B385BC}.Debug|iPhone.ActiveCfg = Debug|iPhone
		{90DC7A3F-7C36-4F8A-A89D-3672E7B385BC}.Debug|iPhone.Build.0 = Debug|iPhone
		{90DC7A3F-7C36-4F8A-A89D-3672E7B385BC}.Debug|iPhoneSimulator.ActiveCfg = Debug|iPhoneSimulator
		{90DC7A3F-7C36-4F8A-A89D-3672E7B385BC}.Debug|iPhoneSimulator.Build.0 = Debug|iPhoneSimulator
		{90DC7A3F-7C36-4F8A-A89D-3672E7B385BC}.Debug|x64.ActiveCfg = Debug|iPhone
		{90DC7A3F-7C36-4F8A-A89D-3672E7B385BC}.Debug|x86.ActiveCfg = Debug|iPhone
		{90DC7A3F-7C36-4F8A-A89D-3672E7B385BC}.Release|Any CPU.ActiveCfg = Release|iPhone
		{90DC7A3F-7C36-4F8A-A89D-3672E7B385BC}.Release|ARM.ActiveCfg = Release|iPhone
		{90DC7A3F-7C36-4F8A-A89D-3672E7B385BC}.Release|iPhone.ActiveCfg = Release|iPhone
		{90DC7A3F-7C36-4F8A-A89D-3672E7B385BC}.Release|iPhone.Build.0 = Release|iPhone
		{90DC7A3F-7C36-4F8A-A89D-3672E7B385BC}.Release|iPhoneSimulator.ActiveCfg = Release|iPhoneSimulator
		{90DC7A3F-7C36-4F8A-A89D-3672E7B385BC}.Release|iPhoneSimulator.Build.0 = Release|iPhoneSimulator
		{90DC7A3F-7C36-4F8A-A89D-3672E7B385BC}.Release|x64.ActiveCfg = Release|iPhone
		{90DC7A3F-7C36-4F8A-A89D-3672E7B385BC}.Release|x86.ActiveCfg = Release|iPhone
		{2B2BE6AC-2F6A-42FD-8AC6-093E9C22E313}.Ad-Hoc|Any CPU.ActiveCfg = Release|x86
		{2B2BE6AC-2F6A-42FD-8AC6-093E9C22E313}.Ad-Hoc|Any CPU.Build.0 = Release|x86
		{2B2BE6AC-2F6A-42FD-8AC6-093E9C22E313}.Ad-Hoc|Any CPU.Deploy.0 = Release|x86
		{2B2BE6AC-2F6A-42FD-8AC6-093E9C22E313}.Ad-Hoc|ARM.ActiveCfg = Release|ARM
		{2B2BE6AC-2F6A-42FD-8AC6-093E9C22E313}.Ad-Hoc|ARM.Build.0 = Release|ARM
		{2B2BE6AC-2F6A-42FD-8AC6-093E9C22E313}.Ad-Hoc|ARM.Deploy.0 = Release|ARM
		{2B2BE6AC-2F6A-42FD-8AC6-093E9C22E313}.Ad-Hoc|iPhone.ActiveCfg = Release|x86
		{2B2BE6AC-2F6A-42FD-8AC6-093E9C22E313}.Ad-Hoc|iPhone.Build.0 = Release|x86
		{2B2BE6AC-2F6A-42FD-8AC6-093E9C22E313}.Ad-Hoc|iPhone.Deploy.0 = Release|x86
		{2B2BE6AC-2F6A-42FD-8AC6-093E9C22E313}.Ad-Hoc|iPhoneSimulator.ActiveCfg = Release|x86
		{2B2BE6AC-2F6A-42FD-8AC6-093E9C22E313}.Ad-Hoc|iPhoneSimulator.Build.0 = Release|x86
		{2B2BE6AC-2F6A-42FD-8AC6-093E9C22E313}.Ad-Hoc|iPhoneSimulator.Deploy.0 = Release|x86
		{2B2BE6AC-2F6A-42FD-8AC6-093E9C22E313}.Ad-Hoc|x64.ActiveCfg = Release|x64
		{2B2BE6AC-2F6A-42FD-8AC6-093E9C22E313}.Ad-Hoc|x64.Build.0 = Release|x64
		{2B2BE6AC-2F6A-42FD-8AC6-093E9C22E313}.Ad-Hoc|x64.Deploy.0 = Release|x64
		{2B2BE6AC-2F6A-42FD-8AC6-093E9C22E313}.Ad-Hoc|x86.ActiveCfg = Release|x86
		{2B2BE6AC-2F6A-42FD-8AC6-093E9C22E313}.Ad-Hoc|x86.Build.0 = Release|x86
		{2B2BE6AC-2F6A-42FD-8AC6-093E9C22E313}.Ad-Hoc|x86.Deploy.0 = Release|x86
		{2B2BE6AC-2F6A-42FD-8AC6-093E9C22E313}.AppStore|Any CPU.ActiveCfg = Release|x86
		{2B2BE6AC-2F6A-42FD-8AC6-093E9C22E313}.AppStore|Any CPU.Build.0 = Release|x86
		{2B2BE6AC-2F6A-42FD-8AC6-093E9C22E313}.AppStore|Any CPU.Deploy.0 = Release|x86
		{2B2BE6AC-2F6A-42FD-8AC6-093E9C22E313}.AppStore|ARM.ActiveCfg = Release|ARM
		{2B2BE6AC-2F6A-42FD-8AC6-093E9C22E313}.AppStore|ARM.Build.0 = Release|ARM
		{2B2BE6AC-2F6A-42FD-8AC6-093E9C22E313}.AppStore|ARM.Deploy.0 = Release|ARM
		{2B2BE6AC-2F6A-42FD-8AC6-093E9C22E313}.AppStore|iPhone.ActiveCfg = Release|x86
		{2B2BE6AC-2F6A-42FD-8AC6-093E9C22E313}.AppStore|iPhone.Build.0 = Release|x86
		{2B2BE6AC-2F6A-42FD-8AC6-093E9C22E313}.AppStore|iPhone.Deploy.0 = Release|x86
		{2B2BE6AC-2F6A-42FD-8AC6-093E9C22E313}.AppStore|iPhoneSimulator.ActiveCfg = Release|x86
		{2B2BE6AC-2F6A-42FD-8AC6-093E9C22E313}.AppStore|iPhoneSimulator.Build.0 = Release|x86
		{2B2BE6AC-2F6A-42FD-8AC6-093E9C22E313}.AppStore|iPhoneSimulator.Deploy.0 = Release|x86
		{2B2BE6AC-2F6A-42FD-8AC6-093E9C22E313}.AppStore|x64.ActiveCfg = Release|x64
		{2B2BE6AC-2F6A-42FD-8AC6-093E9C22E313}.AppStore|x64.Build.0 = Release|x64
		{2B2BE6AC-2F6A-42FD-8AC6-093E9C22E313}.AppStore|x64.Deploy.0 = Release|x64
		{2B2BE6AC-2F6A-42FD-8AC6-093E9C22E313}.AppStore|x86.ActiveCfg = Release|x86
		{2B2BE6AC-2F6A-42FD-8AC6-093E9C22E313}.AppStore|x86.Build.0 = Release|x86
		{2B2BE6AC-2F6A-42FD-8AC6-093E9C22E313}.AppStore|x86.Deploy.0 = Release|x86
		{2B2BE6AC-2F6A-42FD-8AC6-093E9C22E313}.Debug|Any CPU.ActiveCfg = Debug|x86
		{2B2BE6AC-2F6A-42FD-8AC6-093E9C22E313}.Debug|ARM.ActiveCfg = Debug|ARM
		{2B2BE6AC-2F6A-42FD-8AC6-093E9C22E313}.Debug|ARM.Build.0 = Debug|ARM
		{2B2BE6AC-2F6A-42FD-8AC6-093E9C22E313}.Debug|ARM.Deploy.0 = Debug|ARM
		{2B2BE6AC-2F6A-42FD-8AC6-093E9C22E313}.Debug|iPhone.ActiveCfg = Debug|x86
		{2B2BE6AC-2F6A-42FD-8AC6-093E9C22E313}.Debug|iPhoneSimulator.ActiveCfg = Debug|x86
		{2B2BE6AC-2F6A-42FD-8AC6-093E9C22E313}.Debug|x64.ActiveCfg = Debug|x64
		{2B2BE6AC-2F6A-42FD-8AC6-093E9C22E313}.Debug|x64.Build.0 = Debug|x64
		{2B2BE6AC-2F6A-42FD-8AC6-093E9C22E313}.Debug|x64.Deploy.0 = Debug|x64
		{2B2BE6AC-2F6A-42FD-8AC6-093E9C22E313}.Debug|x86.ActiveCfg = Debug|x86
		{2B2BE6AC-2F6A-42FD-8AC6-093E9C22E313}.Debug|x86.Build.0 = Debug|x86
		{2B2BE6AC-2F6A-42FD-8AC6-093E9C22E313}.Debug|x86.Deploy.0 = Debug|x86
		{2B2BE6AC-2F6A-42FD-8AC6-093E9C22E313}.Release|Any CPU.ActiveCfg = Release|x86
		{2B2BE6AC-2F6A-42FD-8AC6-093E9C22E313}.Release|ARM.ActiveCfg = Release|ARM
		{2B2BE6AC-2F6A-42FD-8AC6-093E9C22E313}.Release|ARM.Build.0 = Release|ARM
		{2B2BE6AC-2F6A-42FD-8AC6-093E9C22E313}.Release|ARM.Deploy.0 = Release|ARM
		{2B2BE6AC-2F6A-42FD-8AC6-093E9C22E313}.Release|iPhone.ActiveCfg = Release|x86
		{2B2BE6AC-2F6A-42FD-8AC6-093E9C22E313}.Release|iPhoneSimulator.ActiveCfg = Release|x86
		{2B2BE6AC-2F6A-42FD-8AC6-093E9C22E313}.Release|x64.ActiveCfg = Release|x64
		{2B2BE6AC-2F6A-42FD-8AC6-093E9C22E313}.Release|x64.Build.0 = Release|x64
		{2B2BE6AC-2F6A-42FD-8AC6-093E9C22E313}.Release|x64.Deploy.0 = Release|x64
		{2B2BE6AC-2F6A-42FD-8AC6-093E9C22E313}.Release|x86.ActiveCfg = Release|x86
		{2B2BE6AC-2F6A-42FD-8AC6-093E9C22E313}.Release|x86.Build.0 = Release|x86
		{2B2BE6AC-2F6A-42FD-8AC6-093E9C22E313}.Release|x86.Deploy.0 = Release|x86
		{21AFD1E1-8E7C-46B2-9B13-3D6FAAC21605}.Ad-Hoc|Any CPU.ActiveCfg = Debug|Any CPU
		{21AFD1E1-8E7C-46B2-9B13-3D6FAAC21605}.Ad-Hoc|Any CPU.Build.0 = Debug|Any CPU
		{21AFD1E1-8E7C-46B2-9B13-3D6FAAC21605}.Ad-Hoc|ARM.ActiveCfg = Debug|Any CPU
		{21AFD1E1-8E7C-46B2-9B13-3D6FAAC21605}.Ad-Hoc|ARM.Build.0 = Debug|Any CPU
		{21AFD1E1-8E7C-46B2-9B13-3D6FAAC21605}.Ad-Hoc|iPhone.ActiveCfg = Debug|Any CPU
		{21AFD1E1-8E7C-46B2-9B13-3D6FAAC21605}.Ad-Hoc|iPhone.Build.0 = Debug|Any CPU
		{21AFD1E1-8E7C-46B2-9B13-3D6FAAC21605}.Ad-Hoc|iPhoneSimulator.ActiveCfg = Debug|Any CPU
		{21AFD1E1-8E7C-46B2-9B13-3D6FAAC21605}.Ad-Hoc|iPhoneSimulator.Build.0 = Debug|Any CPU
		{21AFD1E1-8E7C-46B2-9B13-3D6FAAC21605}.Ad-Hoc|x64.ActiveCfg = Debug|Any CPU
		{21AFD1E1-8E7C-46B2-9B13-3D6FAAC21605}.Ad-Hoc|x64.Build.0 = Debug|Any CPU
		{21AFD1E1-8E7C-46B2-9B13-3D6FAAC21605}.Ad-Hoc|x86.ActiveCfg = Debug|Any CPU
		{21AFD1E1-8E7C-46B2-9B13-3D6FAAC21605}.Ad-Hoc|x86.Build.0 = Debug|Any CPU
		{21AFD1E1-8E7C-46B2-9B13-3D6FAAC21605}.AppStore|Any CPU.ActiveCfg = Debug|Any CPU
		{21AFD1E1-8E7C-46B2-9B13-3D6FAAC21605}.AppStore|Any CPU.Build.0 = Debug|Any CPU
		{21AFD1E1-8E7C-46B2-9B13-3D6FAAC21605}.AppStore|ARM.ActiveCfg = Debug|Any CPU
		{21AFD1E1-8E7C-46B2-9B13-3D6FAAC21605}.AppStore|ARM.Build.0 = Debug|Any CPU
		{21AFD1E1-8E7C-46B2-9B13-3D6FAAC21605}.AppStore|iPhone.ActiveCfg = Debug|Any CPU
		{21AFD1E1-8E7C-46B2-9B13-3D6FAAC21605}.AppStore|iPhone.Build.0 = Debug|Any CPU
		{21AFD1E1-8E7C-46B2-9B13-3D6FAAC21605}.AppStore|iPhoneSimulator.ActiveCfg = Debug|Any CPU
		{21AFD1E1-8E7C-46B2-9B13-3D6FAAC21605}.AppStore|iPhoneSimulator.Build.0 = Debug|Any CPU
		{21AFD1E1-8E7C-46B2-9B13-3D6FAAC21605}.AppStore|x64.ActiveCfg = Debug|Any CPU
		{21AFD1E1-8E7C-46B2-9B13-3D6FAAC21605}.AppStore|x64.Build.0 = Debug|Any CPU
		{21AFD1E1-8E7C-46B2-9B13-3D6FAAC21605}.AppStore|x86.ActiveCfg = Debug|Any CPU
		{21AFD1E1-8E7C-46B2-9B13-3D6FAAC21605}.AppStore|x86.Build.0 = Debug|Any CPU
		{21AFD1E1-8E7C-46B2-9B13-3D6FAAC21605}.Debug|Any CPU.ActiveCfg = Debug|Any CPU
		{21AFD1E1-8E7C-46B2-9B13-3D6FAAC21605}.Debug|Any CPU.Build.0 = Debug|Any CPU
		{21AFD1E1-8E7C-46B2-9B13-3D6FAAC21605}.Debug|ARM.ActiveCfg = Debug|Any CPU
		{21AFD1E1-8E7C-46B2-9B13-3D6FAAC21605}.Debug|ARM.Build.0 = Debug|Any CPU
		{21AFD1E1-8E7C-46B2-9B13-3D6FAAC21605}.Debug|iPhone.ActiveCfg = Debug|Any CPU
		{21AFD1E1-8E7C-46B2-9B13-3D6FAAC21605}.Debug|iPhone.Build.0 = Debug|Any CPU
		{21AFD1E1-8E7C-46B2-9B13-3D6FAAC21605}.Debug|iPhoneSimulator.ActiveCfg = Debug|Any CPU
		{21AFD1E1-8E7C-46B2-9B13-3D6FAAC21605}.Debug|iPhoneSimulator.Build.0 = Debug|Any CPU
		{21AFD1E1-8E7C-46B2-9B13-3D6FAAC21605}.Debug|x64.ActiveCfg = Debug|Any CPU
		{21AFD1E1-8E7C-46B2-9B13-3D6FAAC21605}.Debug|x64.Build.0 = Debug|Any CPU
		{21AFD1E1-8E7C-46B2-9B13-3D6FAAC21605}.Debug|x86.ActiveCfg = Debug|Any CPU
		{21AFD1E1-8E7C-46B2-9B13-3D6FAAC21605}.Debug|x86.Build.0 = Debug|Any CPU
		{21AFD1E1-8E7C-46B2-9B13-3D6FAAC21605}.Release|Any CPU.ActiveCfg = Release|Any CPU
		{21AFD1E1-8E7C-46B2-9B13-3D6FAAC21605}.Release|Any CPU.Build.0 = Release|Any CPU
		{21AFD1E1-8E7C-46B2-9B13-3D6FAAC21605}.Release|ARM.ActiveCfg = Release|Any CPU
		{21AFD1E1-8E7C-46B2-9B13-3D6FAAC21605}.Release|ARM.Build.0 = Release|Any CPU
		{21AFD1E1-8E7C-46B2-9B13-3D6FAAC21605}.Release|iPhone.ActiveCfg = Release|Any CPU
		{21AFD1E1-8E7C-46B2-9B13-3D6FAAC21605}.Release|iPhone.Build.0 = Release|Any CPU
		{21AFD1E1-8E7C-46B2-9B13-3D6FAAC21605}.Release|iPhoneSimulator.ActiveCfg = Release|Any CPU
		{21AFD1E1-8E7C-46B2-9B13-3D6FAAC21605}.Release|iPhoneSimulator.Build.0 = Release|Any CPU
		{21AFD1E1-8E7C-46B2-9B13-3D6FAAC21605}.Release|x64.ActiveCfg = Release|Any CPU
		{21AFD1E1-8E7C-46B2-9B13-3D6FAAC21605}.Release|x64.Build.0 = Release|Any CPU
		{21AFD1E1-8E7C-46B2-9B13-3D6FAAC21605}.Release|x86.ActiveCfg = Release|Any CPU
		{21AFD1E1-8E7C-46B2-9B13-3D6FAAC21605}.Release|x86.Build.0 = Release|Any CPU
	EndGlobalSection
	GlobalSection(SolutionProperties) = preSolution
		HideSolutionNode = FALSE
	EndGlobalSection
	GlobalSection(ExtensibilityGlobals) = postSolution
		SolutionGuid = {2B183DA2-459E-46C7-A051-85D1DDE34532}
	EndGlobalSection
EndGlobal
