
Microsoft Visual Studio Solution File, Format Version 12.00
# Visual Studio 15
VisualStudioVersion = 15.0.27130.2020
MinimumVisualStudioVersion = 10.0.40219.1
Project("{FAE04EC0-301F-11D3-BF4B-00C04F79EFBC}") = "FysApp.Android", "FysApp\FysApp.Android\FysApp.Android.csproj", "{5B88493D-2F2B-4105-A802-4A2A644F1322}"
EndProject
Project("{FAE04EC0-301F-11D3-BF4B-00C04F79EFBC}") = "FysApp.iOS", "FysApp\FysApp.iOS\FysApp.iOS.csproj", "{7AD92122-9978-4528-8BB8-6A1F981E117C}"
EndProject
Project("{9A19103F-16F7-4668-BE54-9A1E7A4F7556}") = "FysApp", "FysApp\FysApp\FysApp.csproj", "{60EEB94B-6F41-492C-8037-A1479F11E695}"
EndProject
Global
	GlobalSection(SolutionConfigurationPlatforms) = preSolution
		Ad-Hoc|Any CPU = Ad-Hoc|Any CPU
		Ad-Hoc|ARM = Ad-Hoc|ARM
		Ad-Hoc|iPhone = Ad-Hoc|iPhone
		Ad-Hoc|iPhoneSimulator = Ad-Hoc|iPhoneSimulator
		Ad-Hoc|x64 = Ad-Hoc|x64
		Ad-Hoc|x86 = Ad-Hoc|x86
		AppStore|Any CPU = AppStore|Any CPU
		AppStore|ARM = AppStore|ARM
		AppStore|iPhone = AppStore|iPhone
		AppStore|iPhoneSimulator = AppStore|iPhoneSimulator
		AppStore|x64 = AppStore|x64
		AppStore|x86 = AppStore|x86
		Debug|Any CPU = Debug|Any CPU
		Debug|ARM = Debug|ARM
		Debug|iPhone = Debug|iPhone
		Debug|iPhoneSimulator = Debug|iPhoneSimulator
		Debug|x64 = Debug|x64
		Debug|x86 = Debug|x86
		Release|Any CPU = Release|Any CPU
		Release|ARM = Release|ARM
		Release|iPhone = Release|iPhone
		Release|iPhoneSimulator = Release|iPhoneSimulator
		Release|x64 = Release|x64
		Release|x86 = Release|x86
	EndGlobalSection
	GlobalSection(ProjectConfigurationPlatforms) = postSolution
		{5B88493D-2F2B-4105-A802-4A2A644F1322}.Ad-Hoc|Any CPU.ActiveCfg = Release|Any CPU
		{5B88493D-2F2B-4105-A802-4A2A644F1322}.Ad-Hoc|Any CPU.Build.0 = Release|Any CPU
		{5B88493D-2F2B-4105-A802-4A2A644F1322}.Ad-Hoc|Any CPU.Deploy.0 = Release|Any CPU
		{5B88493D-2F2B-4105-A802-4A2A644F1322}.Ad-Hoc|ARM.ActiveCfg = Release|Any CPU
		{5B88493D-2F2B-4105-A802-4A2A644F1322}.Ad-Hoc|ARM.Build.0 = Release|Any CPU
		{5B88493D-2F2B-4105-A802-4A2A644F1322}.Ad-Hoc|ARM.Deploy.0 = Release|Any CPU
		{5B88493D-2F2B-4105-A802-4A2A644F1322}.Ad-Hoc|iPhone.ActiveCfg = Release|Any CPU
		{5B88493D-2F2B-4105-A802-4A2A644F1322}.Ad-Hoc|iPhone.Build.0 = Release|Any CPU
		{5B88493D-2F2B-4105-A802-4A2A644F1322}.Ad-Hoc|iPhone.Deploy.0 = Release|Any CPU
		{5B88493D-2F2B-4105-A802-4A2A644F1322}.Ad-Hoc|iPhoneSimulator.ActiveCfg = Release|Any CPU
		{5B88493D-2F2B-4105-A802-4A2A644F1322}.Ad-Hoc|iPhoneSimulator.Build.0 = Release|Any CPU
		{5B88493D-2F2B-4105-A802-4A2A644F1322}.Ad-Hoc|iPhoneSimulator.Deploy.0 = Release|Any CPU
		{5B88493D-2F2B-4105-A802-4A2A644F1322}.Ad-Hoc|x64.ActiveCfg = Release|Any CPU
		{5B88493D-2F2B-4105-A802-4A2A644F1322}.Ad-Hoc|x64.Build.0 = Release|Any CPU
		{5B88493D-2F2B-4105-A802-4A2A644F1322}.Ad-Hoc|x64.Deploy.0 = Release|Any CPU
		{5B88493D-2F2B-4105-A802-4A2A644F1322}.Ad-Hoc|x86.ActiveCfg = Release|Any CPU
		{5B88493D-2F2B-4105-A802-4A2A644F1322}.Ad-Hoc|x86.Build.0 = Release|Any CPU
		{5B88493D-2F2B-4105-A802-4A2A644F1322}.Ad-Hoc|x86.Deploy.0 = Release|Any CPU
		{5B88493D-2F2B-4105-A802-4A2A644F1322}.AppStore|Any CPU.ActiveCfg = Release|Any CPU
		{5B88493D-2F2B-4105-A802-4A2A644F1322}.AppStore|Any CPU.Build.0 = Release|Any CPU
		{5B88493D-2F2B-4105-A802-4A2A644F1322}.AppStore|Any CPU.Deploy.0 = Release|Any CPU
		{5B88493D-2F2B-4105-A802-4A2A644F1322}.AppStore|ARM.ActiveCfg = Release|Any CPU
		{5B88493D-2F2B-4105-A802-4A2A644F1322}.AppStore|ARM.Build.0 = Release|Any CPU
		{5B88493D-2F2B-4105-A802-4A2A644F1322}.AppStore|ARM.Deploy.0 = Release|Any CPU
		{5B88493D-2F2B-4105-A802-4A2A644F1322}.AppStore|iPhone.ActiveCfg = Release|Any CPU
		{5B88493D-2F2B-4105-A802-4A2A644F1322}.AppStore|iPhone.Build.0 = Release|Any CPU
		{5B88493D-2F2B-4105-A802-4A2A644F1322}.AppStore|iPhone.Deploy.0 = Release|Any CPU
		{5B88493D-2F2B-4105-A802-4A2A644F1322}.AppStore|iPhoneSimulator.ActiveCfg = Release|Any CPU
		{5B88493D-2F2B-4105-A802-4A2A644F1322}.AppStore|iPhoneSimulator.Build.0 = Release|Any CPU
		{5B88493D-2F2B-4105-A802-4A2A644F1322}.AppStore|iPhoneSimulator.Deploy.0 = Release|Any CPU
		{5B88493D-2F2B-4105-A802-4A2A644F1322}.AppStore|x64.ActiveCfg = Release|Any CPU
		{5B88493D-2F2B-4105-A802-4A2A644F1322}.AppStore|x64.Build.0 = Release|Any CPU
		{5B88493D-2F2B-4105-A802-4A2A644F1322}.AppStore|x64.Deploy.0 = Release|Any CPU
		{5B88493D-2F2B-4105-A802-4A2A644F1322}.AppStore|x86.ActiveCfg = Release|Any CPU
		{5B88493D-2F2B-4105-A802-4A2A644F1322}.AppStore|x86.Build.0 = Release|Any CPU
		{5B88493D-2F2B-4105-A802-4A2A644F1322}.AppStore|x86.Deploy.0 = Release|Any CPU
		{5B88493D-2F2B-4105-A802-4A2A644F1322}.Debug|Any CPU.ActiveCfg = Debug|Any CPU
		{5B88493D-2F2B-4105-A802-4A2A644F1322}.Debug|Any CPU.Build.0 = Debug|Any CPU
		{5B88493D-2F2B-4105-A802-4A2A644F1322}.Debug|Any CPU.Deploy.0 = Debug|Any CPU
		{5B88493D-2F2B-4105-A802-4A2A644F1322}.Debug|ARM.ActiveCfg = Debug|Any CPU
		{5B88493D-2F2B-4105-A802-4A2A644F1322}.Debug|ARM.Build.0 = Debug|Any CPU
		{5B88493D-2F2B-4105-A802-4A2A644F1322}.Debug|ARM.Deploy.0 = Debug|Any CPU
		{5B88493D-2F2B-4105-A802-4A2A644F1322}.Debug|iPhone.ActiveCfg = Debug|Any CPU
		{5B88493D-2F2B-4105-A802-4A2A644F1322}.Debug|iPhone.Build.0 = Debug|Any CPU
		{5B88493D-2F2B-4105-A802-4A2A644F1322}.Debug|iPhone.Deploy.0 = Debug|Any CPU
		{5B88493D-2F2B-4105-A802-4A2A644F1322}.Debug|iPhoneSimulator.ActiveCfg = Debug|Any CPU
		{5B88493D-2F2B-4105-A802-4A2A644F1322}.Debug|iPhoneSimulator.Build.0 = Debug|Any CPU
		{5B88493D-2F2B-4105-A802-4A2A644F1322}.Debug|iPhoneSimulator.Deploy.0 = Debug|Any CPU
		{5B88493D-2F2B-4105-A802-4A2A644F1322}.Debug|x64.ActiveCfg = Debug|Any CPU
		{5B88493D-2F2B-4105-A802-4A2A644F1322}.Debug|x64.Build.0 = Debug|Any CPU
		{5B88493D-2F2B-4105-A802-4A2A644F1322}.Debug|x64.Deploy.0 = Debug|Any CPU
		{5B88493D-2F2B-4105-A802-4A2A644F1322}.Debug|x86.ActiveCfg = Debug|Any CPU
		{5B88493D-2F2B-4105-A802-4A2A644F1322}.Debug|x86.Build.0 = Debug|Any CPU
		{5B88493D-2F2B-4105-A802-4A2A644F1322}.Debug|x86.Deploy.0 = Debug|Any CPU
		{5B88493D-2F2B-4105-A802-4A2A644F1322}.Release|Any CPU.ActiveCfg = Release|Any CPU
		{5B88493D-2F2B-4105-A802-4A2A644F1322}.Release|Any CPU.Build.0 = Release|Any CPU
		{5B88493D-2F2B-4105-A802-4A2A644F1322}.Release|Any CPU.Deploy.0 = Release|Any CPU
		{5B88493D-2F2B-4105-A802-4A2A644F1322}.Release|ARM.ActiveCfg = Release|Any CPU
		{5B88493D-2F2B-4105-A802-4A2A644F1322}.Release|ARM.Build.0 = Release|Any CPU
		{5B88493D-2F2B-4105-A802-4A2A644F1322}.Release|ARM.Deploy.0 = Release|Any CPU
		{5B88493D-2F2B-4105-A802-4A2A644F1322}.Release|iPhone.ActiveCfg = Release|Any CPU
		{5B88493D-2F2B-4105-A802-4A2A644F1322}.Release|iPhone.Build.0 = Release|Any CPU
		{5B88493D-2F2B-4105-A802-4A2A644F1322}.Release|iPhone.Deploy.0 = Release|Any CPU
		{5B88493D-2F2B-4105-A802-4A2A644F1322}.Release|iPhoneSimulator.ActiveCfg = Release|Any CPU
		{5B88493D-2F2B-4105-A802-4A2A644F1322}.Release|iPhoneSimulator.Build.0 = Release|Any CPU
		{5B88493D-2F2B-4105-A802-4A2A644F1322}.Release|iPhoneSimulator.Deploy.0 = Release|Any CPU
		{5B88493D-2F2B-4105-A802-4A2A644F1322}.Release|x64.ActiveCfg = Release|Any CPU
		{5B88493D-2F2B-4105-A802-4A2A644F1322}.Release|x64.Build.0 = Release|Any CPU
		{5B88493D-2F2B-4105-A802-4A2A644F1322}.Release|x64.Deploy.0 = Release|Any CPU
		{5B88493D-2F2B-4105-A802-4A2A644F1322}.Release|x86.ActiveCfg = Release|Any CPU
		{5B88493D-2F2B-4105-A802-4A2A644F1322}.Release|x86.Build.0 = Release|Any CPU
		{5B88493D-2F2B-4105-A802-4A2A644F1322}.Release|x86.Deploy.0 = Release|Any CPU
		{7AD92122-9978-4528-8BB8-6A1F981E117C}.Ad-Hoc|Any CPU.ActiveCfg = Ad-Hoc|iPhone
		{7AD92122-9978-4528-8BB8-6A1F981E117C}.Ad-Hoc|ARM.ActiveCfg = Ad-Hoc|iPhone
		{7AD92122-9978-4528-8BB8-6A1F981E117C}.Ad-Hoc|iPhone.ActiveCfg = Ad-Hoc|iPhone
		{7AD92122-9978-4528-8BB8-6A1F981E117C}.Ad-Hoc|iPhone.Build.0 = Ad-Hoc|iPhone
		{7AD92122-9978-4528-8BB8-6A1F981E117C}.Ad-Hoc|iPhoneSimulator.ActiveCfg = Ad-Hoc|iPhoneSimulator
		{7AD92122-9978-4528-8BB8-6A1F981E117C}.Ad-Hoc|iPhoneSimulator.Build.0 = Ad-Hoc|iPhoneSimulator
		{7AD92122-9978-4528-8BB8-6A1F981E117C}.Ad-Hoc|x64.ActiveCfg = Ad-Hoc|iPhone
		{7AD92122-9978-4528-8BB8-6A1F981E117C}.Ad-Hoc|x86.ActiveCfg = Ad-Hoc|iPhone
		{7AD92122-9978-4528-8BB8-6A1F981E117C}.AppStore|Any CPU.ActiveCfg = AppStore|iPhone
		{7AD92122-9978-4528-8BB8-6A1F981E117C}.AppStore|ARM.ActiveCfg = AppStore|iPhone
		{7AD92122-9978-4528-8BB8-6A1F981E117C}.AppStore|iPhone.ActiveCfg = AppStore|iPhone
		{7AD92122-9978-4528-8BB8-6A1F981E117C}.AppStore|iPhone.Build.0 = AppStore|iPhone
		{7AD92122-9978-4528-8BB8-6A1F981E117C}.AppStore|iPhoneSimulator.ActiveCfg = AppStore|iPhoneSimulator
		{7AD92122-9978-4528-8BB8-6A1F981E117C}.AppStore|iPhoneSimulator.Build.0 = AppStore|iPhoneSimulator
		{7AD92122-9978-4528-8BB8-6A1F981E117C}.AppStore|x64.ActiveCfg = AppStore|iPhone
		{7AD92122-9978-4528-8BB8-6A1F981E117C}.AppStore|x86.ActiveCfg = AppStore|iPhone
		{7AD92122-9978-4528-8BB8-6A1F981E117C}.Debug|Any CPU.ActiveCfg = Debug|iPhone
		{7AD92122-9978-4528-8BB8-6A1F981E117C}.Debug|ARM.ActiveCfg = Debug|iPhone
		{7AD92122-9978-4528-8BB8-6A1F981E117C}.Debug|iPhone.ActiveCfg = Debug|iPhone
		{7AD92122-9978-4528-8BB8-6A1F981E117C}.Debug|iPhone.Build.0 = Debug|iPhone
		{7AD92122-9978-4528-8BB8-6A1F981E117C}.Debug|iPhoneSimulator.ActiveCfg = Debug|iPhoneSimulator
		{7AD92122-9978-4528-8BB8-6A1F981E117C}.Debug|iPhoneSimulator.Build.0 = Debug|iPhoneSimulator
		{7AD92122-9978-4528-8BB8-6A1F981E117C}.Debug|x64.ActiveCfg = Debug|iPhone
		{7AD92122-9978-4528-8BB8-6A1F981E117C}.Debug|x86.ActiveCfg = Debug|iPhone
		{7AD92122-9978-4528-8BB8-6A1F981E117C}.Release|Any CPU.ActiveCfg = Release|iPhone
		{7AD92122-9978-4528-8BB8-6A1F981E117C}.Release|ARM.ActiveCfg = Release|iPhone
		{7AD92122-9978-4528-8BB8-6A1F981E117C}.Release|iPhone.ActiveCfg = Release|iPhone
		{7AD92122-9978-4528-8BB8-6A1F981E117C}.Release|iPhone.Build.0 = Release|iPhone
		{7AD92122-9978-4528-8BB8-6A1F981E117C}.Release|iPhoneSimulator.ActiveCfg = Release|iPhoneSimulator
		{7AD92122-9978-4528-8BB8-6A1F981E117C}.Release|iPhoneSimulator.Build.0 = Release|iPhoneSimulator
		{7AD92122-9978-4528-8BB8-6A1F981E117C}.Release|x64.ActiveCfg = Release|iPhone
		{7AD92122-9978-4528-8BB8-6A1F981E117C}.Release|x86.ActiveCfg = Release|iPhone
		{60EEB94B-6F41-492C-8037-A1479F11E695}.Ad-Hoc|Any CPU.ActiveCfg = Debug|Any CPU
		{60EEB94B-6F41-492C-8037-A1479F11E695}.Ad-Hoc|Any CPU.Build.0 = Debug|Any CPU
		{60EEB94B-6F41-492C-8037-A1479F11E695}.Ad-Hoc|ARM.ActiveCfg = Debug|Any CPU
		{60EEB94B-6F41-492C-8037-A1479F11E695}.Ad-Hoc|ARM.Build.0 = Debug|Any CPU
		{60EEB94B-6F41-492C-8037-A1479F11E695}.Ad-Hoc|iPhone.ActiveCfg = Debug|Any CPU
		{60EEB94B-6F41-492C-8037-A1479F11E695}.Ad-Hoc|iPhone.Build.0 = Debug|Any CPU
		{60EEB94B-6F41-492C-8037-A1479F11E695}.Ad-Hoc|iPhoneSimulator.ActiveCfg = Debug|Any CPU
		{60EEB94B-6F41-492C-8037-A1479F11E695}.Ad-Hoc|iPhoneSimulator.Build.0 = Debug|Any CPU
		{60EEB94B-6F41-492C-8037-A1479F11E695}.Ad-Hoc|x64.ActiveCfg = Debug|Any CPU
		{60EEB94B-6F41-492C-8037-A1479F11E695}.Ad-Hoc|x64.Build.0 = Debug|Any CPU
		{60EEB94B-6F41-492C-8037-A1479F11E695}.Ad-Hoc|x86.ActiveCfg = Debug|Any CPU
		{60EEB94B-6F41-492C-8037-A1479F11E695}.Ad-Hoc|x86.Build.0 = Debug|Any CPU
		{60EEB94B-6F41-492C-8037-A1479F11E695}.AppStore|Any CPU.ActiveCfg = Debug|Any CPU
		{60EEB94B-6F41-492C-8037-A1479F11E695}.AppStore|Any CPU.Build.0 = Debug|Any CPU
		{60EEB94B-6F41-492C-8037-A1479F11E695}.AppStore|ARM.ActiveCfg = Debug|Any CPU
		{60EEB94B-6F41-492C-8037-A1479F11E695}.AppStore|ARM.Build.0 = Debug|Any CPU
		{60EEB94B-6F41-492C-8037-A1479F11E695}.AppStore|iPhone.ActiveCfg = Debug|Any CPU
		{60EEB94B-6F41-492C-8037-A1479F11E695}.AppStore|iPhone.Build.0 = Debug|Any CPU
		{60EEB94B-6F41-492C-8037-A1479F11E695}.AppStore|iPhoneSimulator.ActiveCfg = Debug|Any CPU
		{60EEB94B-6F41-492C-8037-A1479F11E695}.AppStore|iPhoneSimulator.Build.0 = Debug|Any CPU
		{60EEB94B-6F41-492C-8037-A1479F11E695}.AppStore|x64.ActiveCfg = Debug|Any CPU
		{60EEB94B-6F41-492C-8037-A1479F11E695}.AppStore|x64.Build.0 = Debug|Any CPU
		{60EEB94B-6F41-492C-8037-A1479F11E695}.AppStore|x86.ActiveCfg = Debug|Any CPU
		{60EEB94B-6F41-492C-8037-A1479F11E695}.AppStore|x86.Build.0 = Debug|Any CPU
		{60EEB94B-6F41-492C-8037-A1479F11E695}.Debug|Any CPU.ActiveCfg = Debug|Any CPU
		{60EEB94B-6F41-492C-8037-A1479F11E695}.Debug|Any CPU.Build.0 = Debug|Any CPU
		{60EEB94B-6F41-492C-8037-A1479F11E695}.Debug|ARM.ActiveCfg = Debug|Any CPU
		{60EEB94B-6F41-492C-8037-A1479F11E695}.Debug|ARM.Build.0 = Debug|Any CPU
		{60EEB94B-6F41-492C-8037-A1479F11E695}.Debug|iPhone.ActiveCfg = Debug|Any CPU
		{60EEB94B-6F41-492C-8037-A1479F11E695}.Debug|iPhone.Build.0 = Debug|Any CPU
		{60EEB94B-6F41-492C-8037-A1479F11E695}.Debug|iPhoneSimulator.ActiveCfg = Debug|Any CPU
		{60EEB94B-6F41-492C-8037-A1479F11E695}.Debug|iPhoneSimulator.Build.0 = Debug|Any CPU
		{60EEB94B-6F41-492C-8037-A1479F11E695}.Debug|x64.ActiveCfg = Debug|Any CPU
		{60EEB94B-6F41-492C-8037-A1479F11E695}.Debug|x64.Build.0 = Debug|Any CPU
		{60EEB94B-6F41-492C-8037-A1479F11E695}.Debug|x86.ActiveCfg = Debug|Any CPU
		{60EEB94B-6F41-492C-8037-A1479F11E695}.Debug|x86.Build.0 = Debug|Any CPU
		{60EEB94B-6F41-492C-8037-A1479F11E695}.Release|Any CPU.ActiveCfg = Release|Any CPU
		{60EEB94B-6F41-492C-8037-A1479F11E695}.Release|Any CPU.Build.0 = Release|Any CPU
		{60EEB94B-6F41-492C-8037-A1479F11E695}.Release|ARM.ActiveCfg = Release|Any CPU
		{60EEB94B-6F41-492C-8037-A1479F11E695}.Release|ARM.Build.0 = Release|Any CPU
		{60EEB94B-6F41-492C-8037-A1479F11E695}.Release|iPhone.ActiveCfg = Release|Any CPU
		{60EEB94B-6F41-492C-8037-A1479F11E695}.Release|iPhone.Build.0 = Release|Any CPU
		{60EEB94B-6F41-492C-8037-A1479F11E695}.Release|iPhoneSimulator.ActiveCfg = Release|Any CPU
		{60EEB94B-6F41-492C-8037-A1479F11E695}.Release|iPhoneSimulator.Build.0 = Release|Any CPU
		{60EEB94B-6F41-492C-8037-A1479F11E695}.Release|x64.ActiveCfg = Release|Any CPU
		{60EEB94B-6F41-492C-8037-A1479F11E695}.Release|x64.Build.0 = Release|Any CPU
		{60EEB94B-6F41-492C-8037-A1479F11E695}.Release|x86.ActiveCfg = Release|Any CPU
		{60EEB94B-6F41-492C-8037-A1479F11E695}.Release|x86.Build.0 = Release|Any CPU
	EndGlobalSection
	GlobalSection(SolutionProperties) = preSolution
		HideSolutionNode = FALSE
	EndGlobalSection
	GlobalSection(ExtensibilityGlobals) = postSolution
		SolutionGuid = {EAC1DDE6-ACE3-462A-8A53-ED3F35B68EFA}
	EndGlobalSection
EndGlobal
